
Microsoft Visual Studio Solution File, Format Version 12.00
# Visual Studio Version 17
VisualStudioVersion = 17.8.34525.116
MinimumVisualStudioVersion = 10.0.40219.1
Project("{9A19103F-16F7-4668-BE54-9A1E7A4F7556}") = "GestioneListaDistribuzioneMultiUtenza.Test", "GestioneListaDistribuzioneMultiUtenza.Test\GestioneListaDistribuzioneMultiUtenza.Test.csproj", "{FC92CB5E-EE74-463A-859E-E970EF2F3F7B}"
EndProject
Project("{FAE04EC0-301F-11D3-BF4B-00C04F79EFBC}") = "GestioneListaDistribuzioneMultiUtenza.Web", "GestioneListaDistribuzioneMultiUtenza.Web\GestioneListaDistribuzioneMultiUtenza.Web.csproj", "{D361DD9D-0DC2-40B6-B9F8-5357FAA47089}"
EndProject
Global
	GlobalSection(SolutionConfigurationPlatforms) = preSolution
		Debug|Any CPU = Debug|Any CPU
		Release|Any CPU = Release|Any CPU
	EndGlobalSection
	GlobalSection(ProjectConfigurationPlatforms) = postSolution
		{FC92CB5E-EE74-463A-859E-E970EF2F3F7B}.Debug|Any CPU.ActiveCfg = Debug|Any CPU
		{FC92CB5E-EE74-463A-859E-E970EF2F3F7B}.Debug|Any CPU.Build.0 = Debug|Any CPU
		{FC92CB5E-EE74-463A-859E-E970EF2F3F7B}.Release|Any CPU.ActiveCfg = Release|Any CPU
		{FC92CB5E-EE74-463A-859E-E970EF2F3F7B}.Release|Any CPU.Build.0 = Release|Any CPU
		{D361DD9D-0DC2-40B6-B9F8-5357FAA47089}.Debug|Any CPU.ActiveCfg = Debug|Any CPU
		{D361DD9D-0DC2-40B6-B9F8-5357FAA47089}.Debug|Any CPU.Build.0 = Debug|Any CPU
		{D361DD9D-0DC2-40B6-B9F8-5357FAA47089}.Release|Any CPU.ActiveCfg = Release|Any CPU
		{D361DD9D-0DC2-40B6-B9F8-5357FAA47089}.Release|Any CPU.Build.0 = Release|Any CPU
	EndGlobalSection
	GlobalSection(SolutionProperties) = preSolution
		HideSolutionNode = FALSE
	EndGlobalSection
	GlobalSection(ExtensibilityGlobals) = postSolution
		SolutionGuid = {4512B534-8709-4BF9-BAF7-30A205807EF9}
	EndGlobalSection
EndGlobal
